// !$*UTF8*$!
{
	archiveVersion = 1;
	classes = {
	};
	objectVersion = 46;
	objects = {

/* Begin PBXBuildFile section */
		F414E2B11CD997AD00B0C035 /* heart.png in Resources */ = {isa = PBXBuildFile; fileRef = F414E2B01CD997AD00B0C035 /* heart.png */; };
		F414E2B41CD99E1000B0C035 /* UpdateArrayViews.m in Sources */ = {isa = PBXBuildFile; fileRef = F414E2B31CD99E1000B0C035 /* UpdateArrayViews.m */; };
		F414E2B71CD9BCB600B0C035 /* UserMarginView.m in Sources */ = {isa = PBXBuildFile; fileRef = F414E2B61CD9BCB600B0C035 /* UserMarginView.m */; };
		F414E2BA1CD9C06F00B0C035 /* DistributeView.m in Sources */ = {isa = PBXBuildFile; fileRef = F414E2B91CD9C06F00B0C035 /* DistributeView.m */; };
		F4E55C331CD87CC000AB06BE /* UpdateConstraintView.m in Sources */ = {isa = PBXBuildFile; fileRef = F4E55C321CD87CC000AB06BE /* UpdateConstraintView.m */; };
		F4E55C361CD8881C00AB06BE /* RemakeConstraintView.m in Sources */ = {isa = PBXBuildFile; fileRef = F4E55C351CD8881C00AB06BE /* RemakeConstraintView.m */; };
		F4E55C391CD88C5900AB06BE /* UseConstantsView.m in Sources */ = {isa = PBXBuildFile; fileRef = F4E55C381CD88C5900AB06BE /* UseConstantsView.m */; };
		F4E55C3C1CD88ED100AB06BE /* UseEdgesInsetView.m in Sources */ = {isa = PBXBuildFile; fileRef = F4E55C3B1CD88ED100AB06BE /* UseEdgesInsetView.m */; };
		F4E55C3F1CD8A43A00AB06BE /* AspectFitWithRatioView.m in Sources */ = {isa = PBXBuildFile; fileRef = F4E55C3E1CD8A43A00AB06BE /* AspectFitWithRatioView.m */; };
		F4E55C421CD8B85800AB06BE /* BasicAnimatedView.m in Sources */ = {isa = PBXBuildFile; fileRef = F4E55C411CD8B85800AB06BE /* BasicAnimatedView.m */; };
		F4EAE77A1CD440D700559214 /* main.m in Sources */ = {isa = PBXBuildFile; fileRef = F4EAE7791CD440D700559214 /* main.m */; };
		F4EAE77D1CD440D700559214 /* AppDelegate.m in Sources */ = {isa = PBXBuildFile; fileRef = F4EAE77C1CD440D700559214 /* AppDelegate.m */; };
		F4EAE7851CD440D700559214 /* Assets.xcassets in Resources */ = {isa = PBXBuildFile; fileRef = F4EAE7841CD440D700559214 /* Assets.xcassets */; };
		F4EAE7881CD440D700559214 /* LaunchScreen.storyboard in Resources */ = {isa = PBXBuildFile; fileRef = F4EAE7861CD440D700559214 /* LaunchScreen.storyboard */; };
		F4EAE7AA1CD4410E00559214 /* Info.plist in Resources */ = {isa = PBXBuildFile; fileRef = F4EAE7901CD4410E00559214 /* Info.plist */; };
		F4EAE7AB1CD4410E00559214 /* MASCompositeConstraint.m in Sources */ = {isa = PBXBuildFile; fileRef = F4EAE7921CD4410E00559214 /* MASCompositeConstraint.m */; };
		F4EAE7AC1CD4410E00559214 /* MASConstraint.m in Sources */ = {isa = PBXBuildFile; fileRef = F4EAE7951CD4410E00559214 /* MASConstraint.m */; };
		F4EAE7AD1CD4410E00559214 /* MASConstraintMaker.m in Sources */ = {isa = PBXBuildFile; fileRef = F4EAE7971CD4410E00559214 /* MASConstraintMaker.m */; };
		F4EAE7AE1CD4410E00559214 /* MASLayoutConstraint.m in Sources */ = {isa = PBXBuildFile; fileRef = F4EAE7991CD4410E00559214 /* MASLayoutConstraint.m */; };
		F4EAE7AF1CD4410E00559214 /* MASViewAttribute.m in Sources */ = {isa = PBXBuildFile; fileRef = F4EAE79D1CD4410E00559214 /* MASViewAttribute.m */; };
		F4EAE7B01CD4410E00559214 /* MASViewConstraint.m in Sources */ = {isa = PBXBuildFile; fileRef = F4EAE79F1CD4410E00559214 /* MASViewConstraint.m */; };
		F4EAE7B11CD4410E00559214 /* NSArray+MASAdditions.m in Sources */ = {isa = PBXBuildFile; fileRef = F4EAE7A11CD4410E00559214 /* NSArray+MASAdditions.m */; };
		F4EAE7B21CD4410E00559214 /* NSLayoutConstraint+MASDebugAdditions.m in Sources */ = {isa = PBXBuildFile; fileRef = F4EAE7A41CD4410E00559214 /* NSLayoutConstraint+MASDebugAdditions.m */; };
		F4EAE7B31CD4410E00559214 /* View+MASAdditions.m in Sources */ = {isa = PBXBuildFile; fileRef = F4EAE7A61CD4410E00559214 /* View+MASAdditions.m */; };
		F4EAE7B41CD4410E00559214 /* ViewController+MASAdditions.m in Sources */ = {isa = PBXBuildFile; fileRef = F4EAE7A91CD4410E00559214 /* ViewController+MASAdditions.m */; };
		F4EAE7BA1CD7417700559214 /* MasonryTableViewController.m in Sources */ = {isa = PBXBuildFile; fileRef = F4EAE7B91CD7417700559214 /* MasonryTableViewController.m */; };
		F4EAE7BF1CD743CF00559214 /* SubViewController.m in Sources */ = {isa = PBXBuildFile; fileRef = F4EAE7BE1CD743CF00559214 /* SubViewController.m */; };
		F4EAE7C21CD7451500559214 /* BaicView.m in Sources */ = {isa = PBXBuildFile; fileRef = F4EAE7C11CD7451500559214 /* BaicView.m */; };
/* End PBXBuildFile section */

/* Begin PBXFileReference section */
		F414E2B01CD997AD00B0C035 /* heart.png */ = {isa = PBXFileReference; lastKnownFileType = image.png; path = heart.png; sourceTree = "<group>"; };
		F414E2B21CD99E1000B0C035 /* UpdateArrayViews.h */ = {isa = PBXFileReference; fileEncoding = 4; lastKnownFileType = sourcecode.c.h; path = UpdateArrayViews.h; sourceTree = "<group>"; };
		F414E2B31CD99E1000B0C035 /* UpdateArrayViews.m */ = {isa = PBXFileReference; fileEncoding = 4; lastKnownFileType = sourcecode.c.objc; path = UpdateArrayViews.m; sourceTree = "<group>"; };
		F414E2B51CD9BCB600B0C035 /* UserMarginView.h */ = {isa = PBXFileReference; fileEncoding = 4; lastKnownFileType = sourcecode.c.h; path = UserMarginView.h; sourceTree = "<group>"; };
		F414E2B61CD9BCB600B0C035 /* UserMarginView.m */ = {isa = PBXFileReference; fileEncoding = 4; lastKnownFileType = sourcecode.c.objc; path = UserMarginView.m; sourceTree = "<group>"; };
		F414E2B81CD9C06F00B0C035 /* DistributeView.h */ = {isa = PBXFileReference; fileEncoding = 4; lastKnownFileType = sourcecode.c.h; path = DistributeView.h; sourceTree = "<group>"; };
		F414E2B91CD9C06F00B0C035 /* DistributeView.m */ = {isa = PBXFileReference; fileEncoding = 4; lastKnownFileType = sourcecode.c.objc; path = DistributeView.m; sourceTree = "<group>"; };
		F4E55C311CD87CC000AB06BE /* UpdateConstraintView.h */ = {isa = PBXFileReference; fileEncoding = 4; lastKnownFileType = sourcecode.c.h; path = UpdateConstraintView.h; sourceTree = "<group>"; };
		F4E55C321CD87CC000AB06BE /* UpdateConstraintView.m */ = {isa = PBXFileReference; fileEncoding = 4; lastKnownFileType = sourcecode.c.objc; path = UpdateConstraintView.m; sourceTree = "<group>"; };
		F4E55C341CD8881C00AB06BE /* RemakeConstraintView.h */ = {isa = PBXFileReference; fileEncoding = 4; lastKnownFileType = sourcecode.c.h; path = RemakeConstraintView.h; sourceTree = "<group>"; };
		F4E55C351CD8881C00AB06BE /* RemakeConstraintView.m */ = {isa = PBXFileReference; fileEncoding = 4; lastKnownFileType = sourcecode.c.objc; path = RemakeConstraintView.m; sourceTree = "<group>"; };
		F4E55C371CD88C5900AB06BE /* UseConstantsView.h */ = {isa = PBXFileReference; fileEncoding = 4; lastKnownFileType = sourcecode.c.h; path = UseConstantsView.h; sourceTree = "<group>"; };
		F4E55C381CD88C5900AB06BE /* UseConstantsView.m */ = {isa = PBXFileReference; fileEncoding = 4; lastKnownFileType = sourcecode.c.objc; path = UseConstantsView.m; sourceTree = "<group>"; };
		F4E55C3A1CD88ED100AB06BE /* UseEdgesInsetView.h */ = {isa = PBXFileReference; fileEncoding = 4; lastKnownFileType = sourcecode.c.h; path = UseEdgesInsetView.h; sourceTree = "<group>"; };
		F4E55C3B1CD88ED100AB06BE /* UseEdgesInsetView.m */ = {isa = PBXFileReference; fileEncoding = 4; lastKnownFileType = sourcecode.c.objc; path = UseEdgesInsetView.m; sourceTree = "<group>"; };
		F4E55C3D1CD8A43A00AB06BE /* AspectFitWithRatioView.h */ = {isa = PBXFileReference; fileEncoding = 4; lastKnownFileType = sourcecode.c.h; path = AspectFitWithRatioView.h; sourceTree = "<group>"; };
		F4E55C3E1CD8A43A00AB06BE /* AspectFitWithRatioView.m */ = {isa = PBXFileReference; fileEncoding = 4; lastKnownFileType = sourcecode.c.objc; path = AspectFitWithRatioView.m; sourceTree = "<group>"; };
		F4E55C401CD8B85800AB06BE /* BasicAnimatedView.h */ = {isa = PBXFileReference; fileEncoding = 4; lastKnownFileType = sourcecode.c.h; path = BasicAnimatedView.h; sourceTree = "<group>"; };
		F4E55C411CD8B85800AB06BE /* BasicAnimatedView.m */ = {isa = PBXFileReference; fileEncoding = 4; lastKnownFileType = sourcecode.c.objc; path = BasicAnimatedView.m; sourceTree = "<group>"; };
		F4EAE7751CD440D700559214 /* MasonryDemo.app */ = {isa = PBXFileReference; explicitFileType = wrapper.application; includeInIndex = 0; path = MasonryDemo.app; sourceTree = BUILT_PRODUCTS_DIR; };
		F4EAE7791CD440D700559214 /* main.m */ = {isa = PBXFileReference; lastKnownFileType = sourcecode.c.objc; path = main.m; sourceTree = "<group>"; };
		F4EAE77B1CD440D700559214 /* AppDelegate.h */ = {isa = PBXFileReference; lastKnownFileType = sourcecode.c.h; path = AppDelegate.h; sourceTree = "<group>"; };
		F4EAE77C1CD440D700559214 /* AppDelegate.m */ = {isa = PBXFileReference; lastKnownFileType = sourcecode.c.objc; path = AppDelegate.m; sourceTree = "<group>"; };
		F4EAE7841CD440D700559214 /* Assets.xcassets */ = {isa = PBXFileReference; lastKnownFileType = folder.assetcatalog; path = Assets.xcassets; sourceTree = "<group>"; };
		F4EAE7871CD440D700559214 /* Base */ = {isa = PBXFileReference; lastKnownFileType = file.storyboard; name = Base; path = Base.lproj/LaunchScreen.storyboard; sourceTree = "<group>"; };
		F4EAE7891CD440D700559214 /* Info.plist */ = {isa = PBXFileReference; lastKnownFileType = text.plist.xml; path = Info.plist; sourceTree = "<group>"; };
		F4EAE7901CD4410E00559214 /* Info.plist */ = {isa = PBXFileReference; fileEncoding = 4; lastKnownFileType = text.plist.xml; path = Info.plist; sourceTree = "<group>"; };
		F4EAE7911CD4410E00559214 /* MASCompositeConstraint.h */ = {isa = PBXFileReference; fileEncoding = 4; lastKnownFileType = sourcecode.c.h; path = MASCompositeConstraint.h; sourceTree = "<group>"; };
		F4EAE7921CD4410E00559214 /* MASCompositeConstraint.m */ = {isa = PBXFileReference; fileEncoding = 4; lastKnownFileType = sourcecode.c.objc; path = MASCompositeConstraint.m; sourceTree = "<group>"; };
		F4EAE7931CD4410E00559214 /* MASConstraint+Private.h */ = {isa = PBXFileReference; fileEncoding = 4; lastKnownFileType = sourcecode.c.h; path = "MASConstraint+Private.h"; sourceTree = "<group>"; };
		F4EAE7941CD4410E00559214 /* MASConstraint.h */ = {isa = PBXFileReference; fileEncoding = 4; lastKnownFileType = sourcecode.c.h; path = MASConstraint.h; sourceTree = "<group>"; };
		F4EAE7951CD4410E00559214 /* MASConstraint.m */ = {isa = PBXFileReference; fileEncoding = 4; lastKnownFileType = sourcecode.c.objc; path = MASConstraint.m; sourceTree = "<group>"; };
		F4EAE7961CD4410E00559214 /* MASConstraintMaker.h */ = {isa = PBXFileReference; fileEncoding = 4; lastKnownFileType = sourcecode.c.h; path = MASConstraintMaker.h; sourceTree = "<group>"; };
		F4EAE7971CD4410E00559214 /* MASConstraintMaker.m */ = {isa = PBXFileReference; fileEncoding = 4; lastKnownFileType = sourcecode.c.objc; path = MASConstraintMaker.m; sourceTree = "<group>"; };
		F4EAE7981CD4410E00559214 /* MASLayoutConstraint.h */ = {isa = PBXFileReference; fileEncoding = 4; lastKnownFileType = sourcecode.c.h; path = MASLayoutConstraint.h; sourceTree = "<group>"; };
		F4EAE7991CD4410E00559214 /* MASLayoutConstraint.m */ = {isa = PBXFileReference; fileEncoding = 4; lastKnownFileType = sourcecode.c.objc; path = MASLayoutConstraint.m; sourceTree = "<group>"; };
		F4EAE79A1CD4410E00559214 /* Masonry.h */ = {isa = PBXFileReference; fileEncoding = 4; lastKnownFileType = sourcecode.c.h; path = Masonry.h; sourceTree = "<group>"; };
		F4EAE79B1CD4410E00559214 /* MASUtilities.h */ = {isa = PBXFileReference; fileEncoding = 4; lastKnownFileType = sourcecode.c.h; path = MASUtilities.h; sourceTree = "<group>"; };
		F4EAE79C1CD4410E00559214 /* MASViewAttribute.h */ = {isa = PBXFileReference; fileEncoding = 4; lastKnownFileType = sourcecode.c.h; path = MASViewAttribute.h; sourceTree = "<group>"; };
		F4EAE79D1CD4410E00559214 /* MASViewAttribute.m */ = {isa = PBXFileReference; fileEncoding = 4; lastKnownFileType = sourcecode.c.objc; path = MASViewAttribute.m; sourceTree = "<group>"; };
		F4EAE79E1CD4410E00559214 /* MASViewConstraint.h */ = {isa = PBXFileReference; fileEncoding = 4; lastKnownFileType = sourcecode.c.h; path = MASViewConstraint.h; sourceTree = "<group>"; };
		F4EAE79F1CD4410E00559214 /* MASViewConstraint.m */ = {isa = PBXFileReference; fileEncoding = 4; lastKnownFileType = sourcecode.c.objc; path = MASViewConstraint.m; sourceTree = "<group>"; };
		F4EAE7A01CD4410E00559214 /* NSArray+MASAdditions.h */ = {isa = PBXFileReference; fileEncoding = 4; lastKnownFileType = sourcecode.c.h; path = "NSArray+MASAdditions.h"; sourceTree = "<group>"; };
		F4EAE7A11CD4410E00559214 /* NSArray+MASAdditions.m */ = {isa = PBXFileReference; fileEncoding = 4; lastKnownFileType = sourcecode.c.objc; path = "NSArray+MASAdditions.m"; sourceTree = "<group>"; };
		F4EAE7A21CD4410E00559214 /* NSArray+MASShorthandAdditions.h */ = {isa = PBXFileReference; fileEncoding = 4; lastKnownFileType = sourcecode.c.h; path = "NSArray+MASShorthandAdditions.h"; sourceTree = "<group>"; };
		F4EAE7A31CD4410E00559214 /* NSLayoutConstraint+MASDebugAdditions.h */ = {isa = PBXFileReference; fileEncoding = 4; lastKnownFileType = sourcecode.c.h; path = "NSLayoutConstraint+MASDebugAdditions.h"; sourceTree = "<group>"; };
		F4EAE7A41CD4410E00559214 /* NSLayoutConstraint+MASDebugAdditions.m */ = {isa = PBXFileReference; fileEncoding = 4; lastKnownFileType = sourcecode.c.objc; path = "NSLayoutConstraint+MASDebugAdditions.m"; sourceTree = "<group>"; };
		F4EAE7A51CD4410E00559214 /* View+MASAdditions.h */ = {isa = PBXFileReference; fileEncoding = 4; lastKnownFileType = sourcecode.c.h; path = "View+MASAdditions.h"; sourceTree = "<group>"; };
		F4EAE7A61CD4410E00559214 /* View+MASAdditions.m */ = {isa = PBXFileReference; fileEncoding = 4; lastKnownFileType = sourcecode.c.objc; path = "View+MASAdditions.m"; sourceTree = "<group>"; };
		F4EAE7A71CD4410E00559214 /* View+MASShorthandAdditions.h */ = {isa = PBXFileReference; fileEncoding = 4; lastKnownFileType = sourcecode.c.h; path = "View+MASShorthandAdditions.h"; sourceTree = "<group>"; };
		F4EAE7A81CD4410E00559214 /* ViewController+MASAdditions.h */ = {isa = PBXFileReference; fileEncoding = 4; lastKnownFileType = sourcecode.c.h; path = "ViewController+MASAdditions.h"; sourceTree = "<group>"; };
		F4EAE7A91CD4410E00559214 /* ViewController+MASAdditions.m */ = {isa = PBXFileReference; fileEncoding = 4; lastKnownFileType = sourcecode.c.objc; path = "ViewController+MASAdditions.m"; sourceTree = "<group>"; };
		F4EAE7B81CD7417700559214 /* MasonryTableViewController.h */ = {isa = PBXFileReference; fileEncoding = 4; lastKnownFileType = sourcecode.c.h; path = MasonryTableViewController.h; sourceTree = "<group>"; };
		F4EAE7B91CD7417700559214 /* MasonryTableViewController.m */ = {isa = PBXFileReference; fileEncoding = 4; lastKnownFileType = sourcecode.c.objc; path = MasonryTableViewController.m; sourceTree = "<group>"; };
		F4EAE7BD1CD743CF00559214 /* SubViewController.h */ = {isa = PBXFileReference; fileEncoding = 4; lastKnownFileType = sourcecode.c.h; path = SubViewController.h; sourceTree = "<group>"; };
		F4EAE7BE1CD743CF00559214 /* SubViewController.m */ = {isa = PBXFileReference; fileEncoding = 4; lastKnownFileType = sourcecode.c.objc; path = SubViewController.m; sourceTree = "<group>"; };
		F4EAE7C01CD7451500559214 /* BaicView.h */ = {isa = PBXFileReference; fileEncoding = 4; lastKnownFileType = sourcecode.c.h; path = BaicView.h; sourceTree = "<group>"; };
		F4EAE7C11CD7451500559214 /* BaicView.m */ = {isa = PBXFileReference; fileEncoding = 4; lastKnownFileType = sourcecode.c.objc; path = BaicView.m; sourceTree = "<group>"; };
		F4EAE7C31CD78CC300559214 /* PrefixHeader.pch */ = {isa = PBXFileReference; lastKnownFileType = sourcecode.c.h; path = PrefixHeader.pch; sourceTree = "<group>"; };
/* End PBXFileReference section */

/* Begin PBXFrameworksBuildPhase section */
		F4EAE7721CD440D700559214 /* Frameworks */ = {
			isa = PBXFrameworksBuildPhase;
			buildActionMask = 2147483647;
			files = (
			);
			runOnlyForDeploymentPostprocessing = 0;
		};
/* End PBXFrameworksBuildPhase section */

/* Begin PBXGroup section */
		F414E2AF1CD9979B00B0C035 /* Image */ = {
			isa = PBXGroup;
			children = (
				F414E2B01CD997AD00B0C035 /* heart.png */,
			);
			name = Image;
			sourceTree = "<group>";
		};
		F4EAE76C1CD440D700559214 = {
			isa = PBXGroup;
			children = (
				F4EAE78F1CD4410E00559214 /* Masonry */,
				F4EAE7771CD440D700559214 /* MasonryDemo */,
				F4EAE7761CD440D700559214 /* Products */,
			);
			sourceTree = "<group>";
		};
		F4EAE7761CD440D700559214 /* Products */ = {
			isa = PBXGroup;
			children = (
				F4EAE7751CD440D700559214 /* MasonryDemo.app */,
			);
			name = Products;
			sourceTree = "<group>";
		};
		F4EAE7771CD440D700559214 /* MasonryDemo */ = {
			isa = PBXGroup;
			children = (
				F414E2AF1CD9979B00B0C035 /* Image */,
				F4EAE7BC1CD7439200559214 /* View */,
				F4EAE7BB1CD7433400559214 /* Controller */,
				F4EAE77B1CD440D700559214 /* AppDelegate.h */,
				F4EAE77C1CD440D700559214 /* AppDelegate.m */,
				F4EAE7841CD440D700559214 /* Assets.xcassets */,
				F4EAE7861CD440D700559214 /* LaunchScreen.storyboard */,
				F4EAE7891CD440D700559214 /* Info.plist */,
				F4EAE7781CD440D700559214 /* Supporting Files */,
			);
			path = MasonryDemo;
			sourceTree = "<group>";
		};
		F4EAE7781CD440D700559214 /* Supporting Files */ = {
			isa = PBXGroup;
			children = (
				F4EAE7791CD440D700559214 /* main.m */,
				F4EAE7C31CD78CC300559214 /* PrefixHeader.pch */,
			);
			name = "Supporting Files";
			sourceTree = "<group>";
		};
		F4EAE78F1CD4410E00559214 /* Masonry */ = {
			isa = PBXGroup;
			children = (
				F4EAE7901CD4410E00559214 /* Info.plist */,
				F4EAE79C1CD4410E00559214 /* MASViewAttribute.h */,
				F4EAE79D1CD4410E00559214 /* MASViewAttribute.m */,
				F4EAE7941CD4410E00559214 /* MASConstraint.h */,
				F4EAE7951CD4410E00559214 /* MASConstraint.m */,
				F4EAE7931CD4410E00559214 /* MASConstraint+Private.h */,
				F4EAE79E1CD4410E00559214 /* MASViewConstraint.h */,
				F4EAE79F1CD4410E00559214 /* MASViewConstraint.m */,
				F4EAE7911CD4410E00559214 /* MASCompositeConstraint.h */,
				F4EAE7921CD4410E00559214 /* MASCompositeConstraint.m */,
				F4EAE7961CD4410E00559214 /* MASConstraintMaker.h */,
				F4EAE7971CD4410E00559214 /* MASConstraintMaker.m */,
				F4EAE7981CD4410E00559214 /* MASLayoutConstraint.h */,
				F4EAE7991CD4410E00559214 /* MASLayoutConstraint.m */,
				F4EAE79A1CD4410E00559214 /* Masonry.h */,
				F4EAE79B1CD4410E00559214 /* MASUtilities.h */,
				F4EAE7A01CD4410E00559214 /* NSArray+MASAdditions.h */,
				F4EAE7A11CD4410E00559214 /* NSArray+MASAdditions.m */,
				F4EAE7A21CD4410E00559214 /* NSArray+MASShorthandAdditions.h */,
				F4EAE7A31CD4410E00559214 /* NSLayoutConstraint+MASDebugAdditions.h */,
				F4EAE7A41CD4410E00559214 /* NSLayoutConstraint+MASDebugAdditions.m */,
				F4EAE7A51CD4410E00559214 /* View+MASAdditions.h */,
				F4EAE7A61CD4410E00559214 /* View+MASAdditions.m */,
				F4EAE7A71CD4410E00559214 /* View+MASShorthandAdditions.h */,
				F4EAE7A81CD4410E00559214 /* ViewController+MASAdditions.h */,
				F4EAE7A91CD4410E00559214 /* ViewController+MASAdditions.m */,
			);
			path = Masonry;
			sourceTree = "<group>";
		};
		F4EAE7BB1CD7433400559214 /* Controller */ = {
			isa = PBXGroup;
			children = (
				F4EAE7B81CD7417700559214 /* MasonryTableViewController.h */,
				F4EAE7B91CD7417700559214 /* MasonryTableViewController.m */,
				F4EAE7BD1CD743CF00559214 /* SubViewController.h */,
				F4EAE7BE1CD743CF00559214 /* SubViewController.m */,
			);
			name = Controller;
			sourceTree = "<group>";
		};
		F4EAE7BC1CD7439200559214 /* View */ = {
			isa = PBXGroup;
			children = (
				F4EAE7C01CD7451500559214 /* BaicView.h */,
				F4EAE7C11CD7451500559214 /* BaicView.m */,
				F4E55C311CD87CC000AB06BE /* UpdateConstraintView.h */,
				F4E55C321CD87CC000AB06BE /* UpdateConstraintView.m */,
				F4E55C341CD8881C00AB06BE /* RemakeConstraintView.h */,
				F4E55C351CD8881C00AB06BE /* RemakeConstraintView.m */,
				F4E55C371CD88C5900AB06BE /* UseConstantsView.h */,
				F4E55C381CD88C5900AB06BE /* UseConstantsView.m */,
				F4E55C3A1CD88ED100AB06BE /* UseEdgesInsetView.h */,
				F4E55C3B1CD88ED100AB06BE /* UseEdgesInsetView.m */,
				F4E55C3D1CD8A43A00AB06BE /* AspectFitWithRatioView.h */,
				F4E55C3E1CD8A43A00AB06BE /* AspectFitWithRatioView.m */,
				F4E55C401CD8B85800AB06BE /* BasicAnimatedView.h */,
				F4E55C411CD8B85800AB06BE /* BasicAnimatedView.m */,
				F414E2B21CD99E1000B0C035 /* UpdateArrayViews.h */,
				F414E2B31CD99E1000B0C035 /* UpdateArrayViews.m */,
				F414E2B51CD9BCB600B0C035 /* UserMarginView.h */,
				F414E2B61CD9BCB600B0C035 /* UserMarginView.m */,
				F414E2B81CD9C06F00B0C035 /* DistributeView.h */,
				F414E2B91CD9C06F00B0C035 /* DistributeView.m */,
			);
			name = View;
			sourceTree = "<group>";
		};
/* End PBXGroup section */

/* Begin PBXNativeTarget section */
		F4EAE7741CD440D700559214 /* MasonryDemo */ = {
			isa = PBXNativeTarget;
			buildConfigurationList = F4EAE78C1CD440D700559214 /* Build configuration list for PBXNativeTarget "MasonryDemo" */;
			buildPhases = (
				F4EAE7711CD440D700559214 /* Sources */,
				F4EAE7721CD440D700559214 /* Frameworks */,
				F4EAE7731CD440D700559214 /* Resources */,
			);
			buildRules = (
			);
			dependencies = (
			);
			name = MasonryDemo;
			productName = MasonryDemo;
			productReference = F4EAE7751CD440D700559214 /* MasonryDemo.app */;
			productType = "com.apple.product-type.application";
		};
/* End PBXNativeTarget section */

/* Begin PBXProject section */
		F4EAE76D1CD440D700559214 /* Project object */ = {
			isa = PBXProject;
			attributes = {
				LastUpgradeCheck = 0720;
				ORGANIZATIONNAME = zeluli;
				TargetAttributes = {
					F4EAE7741CD440D700559214 = {
						CreatedOnToolsVersion = 7.2.1;
						DevelopmentTeam = N5WRHCE748;
					};
				};
			};
			buildConfigurationList = F4EAE7701CD440D700559214 /* Build configuration list for PBXProject "MasonryDemo" */;
			compatibilityVersion = "Xcode 3.2";
			developmentRegion = English;
			hasScannedForEncodings = 0;
			knownRegions = (
				en,
				Base,
			);
			mainGroup = F4EAE76C1CD440D700559214;
			productRefGroup = F4EAE7761CD440D700559214 /* Products */;
			projectDirPath = "";
			projectRoot = "";
			targets = (
				F4EAE7741CD440D700559214 /* MasonryDemo */,
			);
		};
/* End PBXProject section */

/* Begin PBXResourcesBuildPhase section */
		F4EAE7731CD440D700559214 /* Resources */ = {
			isa = PBXResourcesBuildPhase;
			buildActionMask = 2147483647;
			files = (
				F414E2B11CD997AD00B0C035 /* heart.png in Resources */,
				F4EAE7AA1CD4410E00559214 /* Info.plist in Resources */,
				F4EAE7881CD440D700559214 /* LaunchScreen.storyboard in Resources */,
				F4EAE7851CD440D700559214 /* Assets.xcassets in Resources */,
			);
			runOnlyForDeploymentPostprocessing = 0;
		};
/* End PBXResourcesBuildPhase section */

/* Begin PBXSourcesBuildPhase section */
		F4EAE7711CD440D700559214 /* Sources */ = {
			isa = PBXSourcesBuildPhase;
			buildActionMask = 2147483647;
			files = (
				F4E55C3F1CD8A43A00AB06BE /* AspectFitWithRatioView.m in Sources */,
				F4EAE7B21CD4410E00559214 /* NSLayoutConstraint+MASDebugAdditions.m in Sources */,
				F4EAE7B01CD4410E00559214 /* MASViewConstraint.m in Sources */,
				F4EAE7C21CD7451500559214 /* BaicView.m in Sources */,
				F4E55C361CD8881C00AB06BE /* RemakeConstraintView.m in Sources */,
				F4EAE7AB1CD4410E00559214 /* MASCompositeConstraint.m in Sources */,
				F414E2B71CD9BCB600B0C035 /* UserMarginView.m in Sources */,
				F4EAE7B11CD4410E00559214 /* NSArray+MASAdditions.m in Sources */,
				F4E55C391CD88C5900AB06BE /* UseConstantsView.m in Sources */,
				F4E55C331CD87CC000AB06BE /* UpdateConstraintView.m in Sources */,
				F4EAE77D1CD440D700559214 /* AppDelegate.m in Sources */,
				F4EAE7AE1CD4410E00559214 /* MASLayoutConstraint.m in Sources */,
				F4EAE77A1CD440D700559214 /* main.m in Sources */,
				F4EAE7B41CD4410E00559214 /* ViewController+MASAdditions.m in Sources */,
				F414E2B41CD99E1000B0C035 /* UpdateArrayViews.m in Sources */,
				F4EAE7B31CD4410E00559214 /* View+MASAdditions.m in Sources */,
				F4EAE7AF1CD4410E00559214 /* MASViewAttribute.m in Sources */,
				F4E55C3C1CD88ED100AB06BE /* UseEdgesInsetView.m in Sources */,
				F4EAE7BA1CD7417700559214 /* MasonryTableViewController.m in Sources */,
				F4E55C421CD8B85800AB06BE /* BasicAnimatedView.m in Sources */,
				F4EAE7BF1CD743CF00559214 /* SubViewController.m in Sources */,
				F414E2BA1CD9C06F00B0C035 /* DistributeView.m in Sources */,
				F4EAE7AC1CD4410E00559214 /* MASConstraint.m in Sources */,
				F4EAE7AD1CD4410E00559214 /* MASConstraintMaker.m in Sources */,
			);
			runOnlyForDeploymentPostprocessing = 0;
		};
/* End PBXSourcesBuildPhase section */

/* Begin PBXVariantGroup section */
		F4EAE7861CD440D700559214 /* LaunchScreen.storyboard */ = {
			isa = PBXVariantGroup;
			children = (
				F4EAE7871CD440D700559214 /* Base */,
			);
			name = LaunchScreen.storyboard;
			sourceTree = "<group>";
		};
/* End PBXVariantGroup section */

/* Begin XCBuildConfiguration section */
		F4EAE78A1CD440D700559214 /* Debug */ = {
			isa = XCBuildConfiguration;
			buildSettings = {
				ALWAYS_SEARCH_USER_PATHS = NO;
				CLANG_CXX_LANGUAGE_STANDARD = "gnu++0x";
				CLANG_CXX_LIBRARY = "libc++";
				CLANG_ENABLE_MODULES = YES;
				CLANG_ENABLE_OBJC_ARC = YES;
				CLANG_WARN_BOOL_CONVERSION = YES;
				CLANG_WARN_CONSTANT_CONVERSION = YES;
				CLANG_WARN_DIRECT_OBJC_ISA_USAGE = YES_ERROR;
				CLANG_WARN_EMPTY_BODY = YES;
				CLANG_WARN_ENUM_CONVERSION = YES;
				CLANG_WARN_INT_CONVERSION = YES;
				CLANG_WARN_OBJC_ROOT_CLASS = YES_ERROR;
				CLANG_WARN_UNREACHABLE_CODE = YES;
				CLANG_WARN__DUPLICATE_METHOD_MATCH = YES;
				"CODE_SIGN_IDENTITY[sdk=iphoneos*]" = "iPhone Developer";
				COPY_PHASE_STRIP = NO;
				DEBUG_INFORMATION_FORMAT = dwarf;
				ENABLE_STRICT_OBJC_MSGSEND = YES;
				ENABLE_TESTABILITY = YES;
				GCC_C_LANGUAGE_STANDARD = gnu99;
				GCC_DYNAMIC_NO_PIC = NO;
				GCC_NO_COMMON_BLOCKS = YES;
				GCC_OPTIMIZATION_LEVEL = 0;
				GCC_PREPROCESSOR_DEFINITIONS = (
					"DEBUG=1",
					"$(inherited)",
				);
				GCC_WARN_64_TO_32_BIT_CONVERSION = YES;
				GCC_WARN_ABOUT_RETURN_TYPE = YES_ERROR;
				GCC_WARN_UNDECLARED_SELECTOR = YES;
				GCC_WARN_UNINITIALIZED_AUTOS = YES_AGGRESSIVE;
				GCC_WARN_UNUSED_FUNCTION = YES;
				GCC_WARN_UNUSED_VARIABLE = YES;
				IPHONEOS_DEPLOYMENT_TARGET = 9.2;
				MTL_ENABLE_DEBUG_INFO = YES;
				ONLY_ACTIVE_ARCH = YES;
				SDKROOT = iphoneos;
			};
			name = Debug;
		};
		F4EAE78B1CD440D700559214 /* Release */ = {
			isa = XCBuildConfiguration;
			buildSettings = {
				ALWAYS_SEARCH_USER_PATHS = NO;
				CLANG_CXX_LANGUAGE_STANDARD = "gnu++0x";
				CLANG_CXX_LIBRARY = "libc++";
				CLANG_ENABLE_MODULES = YES;
				CLANG_ENABLE_OBJC_ARC = YES;
				CLANG_WARN_BOOL_CONVERSION = YES;
				CLANG_WARN_CONSTANT_CONVERSION = YES;
				CLANG_WARN_DIRECT_OBJC_ISA_USAGE = YES_ERROR;
				CLANG_WARN_EMPTY_BODY = YES;
				CLANG_WARN_ENUM_CONVERSION = YES;
				CLANG_WARN_INT_CONVERSION = YES;
				CLANG_WARN_OBJC_ROOT_CLASS = YES_ERROR;
				CLANG_WARN_UNREACHABLE_CODE = YES;
				CLANG_WARN__DUPLICATE_METHOD_MATCH = YES;
				"CODE_SIGN_IDENTITY[sdk=iphoneos*]" = "iPhone Developer";
				COPY_PHASE_STRIP = NO;
				DEBUG_INFORMATION_FORMAT = "dwarf-with-dsym";
				ENABLE_NS_ASSERTIONS = NO;
				ENABLE_STRICT_OBJC_MSGSEND = YES;
				GCC_C_LANGUAGE_STANDARD = gnu99;
				GCC_NO_COMMON_BLOCKS = YES;
				GCC_WARN_64_TO_32_BIT_CONVERSION = YES;
				GCC_WARN_ABOUT_RETURN_TYPE = YES_ERROR;
				GCC_WARN_UNDECLARED_SELECTOR = YES;
				GCC_WARN_UNINITIALIZED_AUTOS = YES_AGGRESSIVE;
				GCC_WARN_UNUSED_FUNCTION = YES;
				GCC_WARN_UNUSED_VARIABLE = YES;
				IPHONEOS_DEPLOYMENT_TARGET = 9.2;
				MTL_ENABLE_DEBUG_INFO = NO;
				SDKROOT = iphoneos;
				VALIDATE_PRODUCT = YES;
			};
			name = Release;
		};
		F4EAE78D1CD440D700559214 /* Debug */ = {
			isa = XCBuildConfiguration;
			buildSettings = {
				ASSETCATALOG_COMPILER_APPICON_NAME = AppIcon;
				DEVELOPMENT_TEAM = N5WRHCE748;
				GCC_INCREASE_PRECOMPILED_HEADER_SHARING = NO;
				GCC_PREFIX_HEADER = "$(SRCROOT)/MasonryDemo/PrefixHeader.pch";
				INFOPLIST_FILE = MasonryDemo/Info.plist;
				IPHONEOS_DEPLOYMENT_TARGET = 8.0;
				LD_RUNPATH_SEARCH_PATHS = "$(inherited) @executable_path/Frameworks";
				PRODUCT_BUNDLE_IDENTIFIER = com.zeluli.MasonryDemo;
				PRODUCT_NAME = "$(TARGET_NAME)";
			};
			name = Debug;
		};
		F4EAE78E1CD440D700559214 /* Release */ = {
			isa = XCBuildConfiguration;
			buildSettings = {
				ASSETCATALOG_COMPILER_APPICON_NAME = AppIcon;
				DEVELOPMENT_TEAM = N5WRHCE748;
				GCC_INCREASE_PRECOMPILED_HEADER_SHARING = NO;
				GCC_PREFIX_HEADER = "$(SRCROOT)/MasonryDemo/PrefixHeader.pch";
				INFOPLIST_FILE = MasonryDemo/Info.plist;
				IPHONEOS_DEPLOYMENT_TARGET = 8.0;
				LD_RUNPATH_SEARCH_PATHS = "$(inherited) @executable_path/Frameworks";
				PRODUCT_BUNDLE_IDENTIFIER = com.zeluli.MasonryDemo;
				PRODUCT_NAME = "$(TARGET_NAME)";
			};
			name = Release;
		};
/* End XCBuildConfiguration section */

/* Begin XCConfigurationList section */
		F4EAE7701CD440D700559214 /* Build configuration list for PBXProject "MasonryDemo" */ = {
			isa = XCConfigurationList;
			buildConfigurations = (
				F4EAE78A1CD440D700559214 /* Debug */,
				F4EAE78B1CD440D700559214 /* Release */,
			);
			defaultConfigurationIsVisible = 0;
			defaultConfigurationName = Release;
		};
		F4EAE78C1CD440D700559214 /* Build configuration list for PBXNativeTarget "MasonryDemo" */ = {
			isa = XCConfigurationList;
			buildConfigurations = (
				F4EAE78D1CD440D700559214 /* Debug */,
				F4EAE78E1CD440D700559214 /* Release */,
			);
			defaultConfigurationIsVisible = 0;
			defaultConfigurationName = Release;
		};
/* End XCConfigurationList section */
	};
	rootObject = F4EAE76D1CD440D700559214 /* Project object */;
}
